Microsoft Visual Studio Solution File, Format Version 12.00
# Visual Studio Version 17
VisualStudioVersion = 17.5.2.0
MinimumVisualStudioVersion = 10.0.40219.1
Project("{FAE04EC0-301F-11D3-BF4B-00C04F79EFBC}") = "mud-tracker", "mud-tracker.csproj", "{B5E70EB3-A040-0F11-8171-DC171F362821}"
EndProject
Global
	GlobalSection(SolutionConfigurationPlatforms) = preSolution
		Debug|Any CPU = Debug|Any CPU
		Release|Any CPU = Release|Any CPU
	EndGlobalSection
	GlobalSection(ProjectConfigurationPlatforms) = postSolution
		{B5E70EB3-A040-0F11-8171-DC171F362821}.Debug|Any CPU.ActiveCfg = Debug|Any CPU
		{B5E70EB3-A040-0F11-8171-DC171F362821}.Debug|Any CPU.Build.0 = Debug|Any CPU
		{B5E70EB3-A040-0F11-8171-DC171F362821}.Release|Any CPU.ActiveCfg = Release|Any CPU
		{B5E70EB3-A040-0F11-8171-DC171F362821}.Release|Any CPU.Build.0 = Release|Any CPU
	EndGlobalSection
	GlobalSection(SolutionProperties) = preSolution
		HideSolutionNode = FALSE
	EndGlobalSection
	GlobalSection(ExtensibilityGlobals) = postSolution
		SolutionGuid = {DA289D6C-FF63-4B82-A44D-2EF52C14BC8C}
	EndGlobalSection
EndGlobal
